<?xml version="1.0" encoding="utf-8"?>
<Project ToolsVersion="4.0" xmlns="http://schemas.microsoft.com/developer/msbuild/2003">
  <ItemGroup>
    <Filter Include="Source Files">
      <UniqueIdentifier>{4FC737F1-C7A5-4376-A066-2A32D752A2FF}</UniqueIdentifier>
      <Extensions>cpp;c;cc;cxx;def;odl;idl;hpj;bat;asm;asmx</Extensions>
    </Filter>
    <Filter Include="Header Files">
      <UniqueIdentifier>{93995380-89BD-4b04-88EB-625FBE52EBFB}</UniqueIdentifier>
      <Extensions>h;hh;hpp;hxx;hm;inl;inc;xsd</Extensions>
    </Filter>
    <Filter Include="Resource Files">
      <UniqueIdentifier>{67DA6AB6-F800-4c08-8B7A-83BB121AAD01}</UniqueIdentifier>
      <Extensions>rc;ico;cur;bmp;dlg;rc2;rct;bin;rgs;gif;jpg;jpeg;jpe;resx;tiff;tif;png;wav;mfcribbon-ms</Extensions>
    </Filter>
  </ItemGroup>
  <ItemGroup>
    <ClInclude Include="SeamsEasyCmd.h">
      <Filter>Header Files</Filter>
    </ClInclude>
    <ClInclude Include="SeamsEasyNode.h">
      <Filter>Header Files</Filter>
    </ClInclude>
    <ClInclude Include="StitchEasyCmd.h">
      <Filter>Header Files</Filter>
    </ClInclude>
    <ClInclude Include="StitchEasyCtx.h">
      <Filter>Header Files</Filter>
    </ClInclude>
    <ClInclude Include="StitchEasyCtxCmd.h">
      <Filter>Header Files</Filter>
    </ClInclude>
    <ClInclude Include="StitchEasyNode.h">
      <Filter>Header Files</Filter>
    </ClInclude>
    <ClInclude Include="..\_library\SPlane.h">
      <Filter>Header Files</Filter>
    </ClInclude>
    <ClInclude Include="..\_library\SNode.h">
      <Filter>Header Files</Filter>
    </ClInclude>
    <ClInclude Include="..\_library\SSeamMesh.h">
      <Filter>Header Files</Filter>
    </ClInclude>
    <ClInclude Include="..\_library\SEdgeLoop.h">
      <Filter>Header Files</Filter>
    </ClInclude>
    <ClInclude Include="..\_library\SMesh.h">
      <Filter>Header Files</Filter>
    </ClInclude>
  </ItemGroup>
  <ItemGroup>
    <ClCompile Include="PluginMain.cpp">
      <Filter>Source Files</Filter>
    </ClCompile>
    <ClCompile Include="SeamsEasyCmd.cpp">
      <Filter>Source Files</Filter>
    </ClCompile>
    <ClCompile Include="SeamsEasyNode.cpp">
      <Filter>Source Files</Filter>
    </ClCompile>
    <ClCompile Include="StitchEasyCmd.cpp">
      <Filter>Source Files</Filter>
    </ClCompile>
    <ClCompile Include="StitchEasyCtx.cpp">
      <Filter>Source Files</Filter>
    </ClCompile>
    <ClCompile Include="StitchEasyCtxCmd.cpp">
      <Filter>Source Files</Filter>
    </ClCompile>
    <ClCompile Include="StitchEasyNode.cpp">
      <Filter>Source Files</Filter>
    </ClCompile>
    <ClCompile Include="..\_library\SSeamMesh.cpp">
      <Filter>Source Files</Filter>
    </ClCompile>
    <ClCompile Include="..\_library\SEdgeLoop.cpp">
      <Filter>Source Files</Filter>
    </ClCompile>
    <ClCompile Include="..\_library\SMesh.cpp">
      <Filter>Source Files</Filter>
    </ClCompile>
  </ItemGroup>
</Project>